// !$*UTF8*$!
{
	archiveVersion = 1;
	classes = {
	};
	objectVersion = 56;
	objects = {

/* Begin PBXBuildFile section */
		F1F2195B2A881D0E00984E6E /* memoizesApp.swift in Sources */ = {isa = PBXBuildFile; fileRef = F1F2195A2A881D0E00984E6E /* memoizesApp.swift */; };
		F1F2195D2A881D0E00984E6E /* ContentView.swift in Sources */ = {isa = PBXBuildFile; fileRef = F1F2195C2A881D0E00984E6E /* ContentView.swift */; };
		F1F2195F2A881D1000984E6E /* Assets.xcassets in Resources */ = {isa = PBXBuildFile; fileRef = F1F2195E2A881D1000984E6E /* Assets.xcassets */; };
		F1F219622A881D1000984E6E /* Preview Assets.xcassets in Resources */ = {isa = PBXBuildFile; fileRef = F1F219612A881D1000984E6E /* Preview Assets.xcassets */; };
		F1F2196C2A881D1000984E6E /* memoizesTests.swift in Sources */ = {isa = PBXBuildFile; fileRef = F1F2196B2A881D1000984E6E /* memoizesTests.swift */; };
		F1F219762A881D1000984E6E /* memoizesUITests.swift in Sources */ = {isa = PBXBuildFile; fileRef = F1F219752A881D1000984E6E /* memoizesUITests.swift */; };
		F1F219782A881D1000984E6E /* memoizesUITestsLaunchTests.swift in Sources */ = {isa = PBXBuildFile; fileRef = F1F219772A881D1000984E6E /* memoizesUITestsLaunchTests.swift */; };
/* End PBXBuildFile section */

/* Begin PBXContainerItemProxy section */
		F1F219682A881D1000984E6E /* PBXContainerItemProxy */ = {
			isa = PBXContainerItemProxy;
			containerPortal = F1F2194F2A881D0E00984E6E /* Project object */;
			proxyType = 1;
			remoteGlobalIDString = F1F219562A881D0E00984E6E;
			remoteInfo = memoizes;
		};
		F1F219722A881D1000984E6E /* PBXContainerItemProxy */ = {
			isa = PBXContainerItemProxy;
			containerPortal = F1F2194F2A881D0E00984E6E /* Project object */;
			proxyType = 1;
			remoteGlobalIDString = F1F219562A881D0E00984E6E;
			remoteInfo = memoizes;
		};
/* End PBXContainerItemProxy section */

/* Begin PBXFileReference section */
		F1F219572A881D0E00984E6E /* memoizes.app */ = {isa = PBXFileReference; explicitFileType = wrapper.application; includeInIndex = 0; path = memoizes.app; sourceTree = BUILT_PRODUCTS_DIR; };
		F1F2195A2A881D0E00984E6E /* memoizesApp.swift */ = {isa = PBXFileReference; lastKnownFileType = sourcecode.swift; path = memoizesApp.swift; sourceTree = "<group>"; };
		F1F2195C2A881D0E00984E6E /* ContentView.swift */ = {isa = PBXFileReference; lastKnownFileType = sourcecode.swift; path = ContentView.swift; sourceTree = "<group>"; };
		F1F2195E2A881D1000984E6E /* Assets.xcassets */ = {isa = PBXFileReference; lastKnownFileType = folder.assetcatalog; path = Assets.xcassets; sourceTree = "<group>"; };
		F1F219612A881D1000984E6E /* Preview Assets.xcassets */ = {isa = PBXFileReference; lastKnownFileType = folder.assetcatalog; path = "Preview Assets.xcassets"; sourceTree = "<group>"; };
		F1F219672A881D1000984E6E /* memoizesTests.xctest */ = {isa = PBXFileReference; explicitFileType = wrapper.cfbundle; includeInIndex = 0; path = memoizesTests.xctest; sourceTree = BUILT_PRODUCTS_DIR; };
		F1F2196B2A881D1000984E6E /* memoizesTests.swift */ = {isa = PBXFileReference; lastKnownFileType = sourcecode.swift; path = memoizesTests.swift; sourceTree = "<group>"; };
		F1F219712A881D1000984E6E /* memoizesUITests.xctest */ = {isa = PBXFileReference; explicitFileType = wrapper.cfbundle; includeInIndex = 0; path = memoizesUITests.xctest; sourceTree = BUILT_PRODUCTS_DIR; };
		F1F219752A881D1000984E6E /* memoizesUITests.swift */ = {isa = PBXFileReference; lastKnownFileType = sourcecode.swift; path = memoizesUITests.swift; sourceTree = "<group>"; };
		F1F219772A881D1000984E6E /* memoizesUITestsLaunchTests.swift */ = {isa = PBXFileReference; lastKnownFileType = sourcecode.swift; path = memoizesUITestsLaunchTests.swift; sourceTree = "<group>"; };
/* End PBXFileReference section */

/* Begin PBXFrameworksBuildPhase section */
		F1F219542A881D0E00984E6E /* Frameworks */ = {
			isa = PBXFrameworksBuildPhase;
			buildActionMask = 2147483647;
			files = (
			);
			runOnlyForDeploymentPostprocessing = 0;
		};
		F1F219642A881D1000984E6E /* Frameworks */ = {
			isa = PBXFrameworksBuildPhase;
			buildActionMask = 2147483647;
			files = (
			);
			runOnlyForDeploymentPostprocessing = 0;
		};
		F1F2196E2A881D1000984E6E /* Frameworks */ = {
			isa = PBXFrameworksBuildPhase;
			buildActionMask = 2147483647;
			files = (
			);
			runOnlyForDeploymentPostprocessing = 0;
		};
/* End PBXFrameworksBuildPhase section */

/* Begin PBXGroup section */
		F1F2194E2A881D0E00984E6E = {
			isa = PBXGroup;
			children = (
				F1F219592A881D0E00984E6E /* memoizes */,
				F1F2196A2A881D1000984E6E /* memoizesTests */,
				F1F219742A881D1000984E6E /* memoizesUITests */,
				F1F219582A881D0E00984E6E /* Products */,
			);
			sourceTree = "<group>";
		};
		F1F219582A881D0E00984E6E /* Products */ = {
			isa = PBXGroup;
			children = (
				F1F219572A881D0E00984E6E /* memoizes.app */,
				F1F219672A881D1000984E6E /* memoizesTests.xctest */,
				F1F219712A881D1000984E6E /* memoizesUITests.xctest */,
			);
			name = Products;
			sourceTree = "<group>";
		};
		F1F219592A881D0E00984E6E /* memoizes */ = {
			isa = PBXGroup;
			children = (
				F1F2195A2A881D0E00984E6E /* memoizesApp.swift */,
				F1F2195C2A881D0E00984E6E /* ContentView.swift */,
				F1F2195E2A881D1000984E6E /* Assets.xcassets */,
				F1F219602A881D1000984E6E /* Preview Content */,
			);
			path = memoizes;
			sourceTree = "<group>";
		};
		F1F219602A881D1000984E6E /* Preview Content */ = {
			isa = PBXGroup;
			children = (
				F1F219612A881D1000984E6E /* Preview Assets.xcassets */,
			);
			path = "Preview Content";
			sourceTree = "<group>";
		};
		F1F2196A2A881D1000984E6E /* memoizesTests */ = {
			isa = PBXGroup;
			children = (
				F1F2196B2A881D1000984E6E /* memoizesTests.swift */,
			);
			path = memoizesTests;
			sourceTree = "<group>";
		};
		F1F219742A881D1000984E6E /* memoizesUITests */ = {
			isa = PBXGroup;
			children = (
				F1F219752A881D1000984E6E /* memoizesUITests.swift */,
				F1F219772A881D1000984E6E /* memoizesUITestsLaunchTests.swift */,
			);
			path = memoizesUITests;
			sourceTree = "<group>";
		};
/* End PBXGroup section */

/* Begin PBXNativeTarget section */
		F1F219562A881D0E00984E6E /* memoizes */ = {
			isa = PBXNativeTarget;
			buildConfigurationList = F1F2197B2A881D1000984E6E /* Build configuration list for PBXNativeTarget "memoizes" */;
			buildPhases = (
				F1F219532A881D0E00984E6E /* Sources */,
				F1F219542A881D0E00984E6E /* Frameworks */,
				F1F219552A881D0E00984E6E /* Resources */,
			);
			buildRules = (
			);
			dependencies = (
			);
			name = memoizes;
			productName = memoizes;
			productReference = F1F219572A881D0E00984E6E /* memoizes.app */;
			productType = "com.apple.product-type.application";
		};
		F1F219662A881D1000984E6E /* memoizesTests */ = {
			isa = PBXNativeTarget;
			buildConfigurationList = F1F2197E2A881D1000984E6E /* Build configuration list for PBXNativeTarget "memoizesTests" */;
			buildPhases = (
				F1F219632A881D1000984E6E /* Sources */,
				F1F219642A881D1000984E6E /* Frameworks */,
				F1F219652A881D1000984E6E /* Resources */,
			);
			buildRules = (
			);
			dependencies = (
				F1F219692A881D1000984E6E /* PBXTargetDependency */,
			);
			name = memoizesTests;
			productName = memoizesTests;
			productReference = F1F219672A881D1000984E6E /* memoizesTests.xctest */;
			productType = "com.apple.product-type.bundle.unit-test";
		};
		F1F219702A881D1000984E6E /* memoizesUITests */ = {
			isa = PBXNativeTarget;
			buildConfigurationList = F1F219812A881D1000984E6E /* Build configuration list for PBXNativeTarget "memoizesUITests" */;
			buildPhases = (
				F1F2196D2A881D1000984E6E /* Sources */,
				F1F2196E2A881D1000984E6E /* Frameworks */,
				F1F2196F2A881D1000984E6E /* Resources */,
			);
			buildRules = (
			);
			dependencies = (
				F1F219732A881D1000984E6E /* PBXTargetDependency */,
			);
			name = memoizesUITests;
			productName = memoizesUITests;
			productReference = F1F219712A881D1000984E6E /* memoizesUITests.xctest */;
			productType = "com.apple.product-type.bundle.ui-testing";
		};
/* End PBXNativeTarget section */

/* Begin PBXProject section */
		F1F2194F2A881D0E00984E6E /* Project object */ = {
			isa = PBXProject;
			attributes = {
				BuildIndependentTargetsInParallel = 1;
				LastSwiftUpdateCheck = 1430;
				LastUpgradeCheck = 1430;
				TargetAttributes = {
					F1F219562A881D0E00984E6E = {
						CreatedOnToolsVersion = 14.3.1;
					};
					F1F219662A881D1000984E6E = {
						CreatedOnToolsVersion = 14.3.1;
						TestTargetID = F1F219562A881D0E00984E6E;
					};
					F1F219702A881D1000984E6E = {
						CreatedOnToolsVersion = 14.3.1;
						TestTargetID = F1F219562A881D0E00984E6E;
					};
				};
			};
			buildConfigurationList = F1F219522A881D0E00984E6E /* Build configuration list for PBXProject "memoizes" */;
			compatibilityVersion = "Xcode 14.0";
			developmentRegion = en;
			hasScannedForEncodings = 0;
			knownRegions = (
				en,
				Base,
			);
			mainGroup = F1F2194E2A881D0E00984E6E;
			productRefGroup = F1F219582A881D0E00984E6E /* Products */;
			projectDirPath = "";
			projectRoot = "";
			targets = (
				F1F219562A881D0E00984E6E /* memoizes */,
				F1F219662A881D1000984E6E /* memoizesTests */,
				F1F219702A881D1000984E6E /* memoizesUITests */,
			);
		};
/* End PBXProject section */

/* Begin PBXResourcesBuildPhase section */
		F1F219552A881D0E00984E6E /* Resources */ = {
			isa = PBXResourcesBuildPhase;
			buildActionMask = 2147483647;
			files = (
				F1F219622A881D1000984E6E /* Preview Assets.xcassets in Resources */,
				F1F2195F2A881D1000984E6E /* Assets.xcassets in Resources */,
			);
			runOnlyForDeploymentPostprocessing = 0;
		};
		F1F219652A881D1000984E6E /* Resources */ = {
			isa = PBXResourcesBuildPhase;
			buildActionMask = 2147483647;
			files = (
			);
			runOnlyForDeploymentPostprocessing = 0;
		};
		F1F2196F2A881D1000984E6E /* Resources */ = {
			isa = PBXResourcesBuildPhase;
			buildActionMask = 2147483647;
			files = (
			);
			runOnlyForDeploymentPostprocessing = 0;
		};
/* End PBXResourcesBuildPhase section */

/* Begin PBXSourcesBuildPhase section */
		F1F219532A881D0E00984E6E /* Sources */ = {
			isa = PBXSourcesBuildPhase;
			buildActionMask = 2147483647;
			files = (
				F1F2195D2A881D0E00984E6E /* ContentView.swift in Sources */,
				F1F2195B2A881D0E00984E6E /* memoizesApp.swift in Sources */,
			);
			runOnlyForDeploymentPostprocessing = 0;
		};
		F1F219632A881D1000984E6E /* Sources */ = {
			isa = PBXSourcesBuildPhase;
			buildActionMask = 2147483647;
			files = (
				F1F2196C2A881D1000984E6E /* memoizesTests.swift in Sources */,
			);
			runOnlyForDeploymentPostprocessing = 0;
		};
		F1F2196D2A881D1000984E6E /* Sources */ = {
			isa = PBXSourcesBuildPhase;
			buildActionMask = 2147483647;
			files = (
				F1F219782A881D1000984E6E /* memoizesUITestsLaunchTests.swift in Sources */,
				F1F219762A881D1000984E6E /* memoizesUITests.swift in Sources */,
			);
			runOnlyForDeploymentPostprocessing = 0;
		};
/* End PBXSourcesBuildPhase section */

/* Begin PBXTargetDependency section */
		F1F219692A881D1000984E6E /* PBXTargetDependency */ = {
			isa = PBXTargetDependency;
			target = F1F219562A881D0E00984E6E /* memoizes */;
			targetProxy = F1F219682A881D1000984E6E /* PBXContainerItemProxy */;
		};
		F1F219732A881D1000984E6E /* PBXTargetDependency */ = {
			isa = PBXTargetDependency;
			target = F1F219562A881D0E00984E6E /* memoizes */;
			targetProxy = F1F219722A881D1000984E6E /* PBXContainerItemProxy */;
		};
/* End PBXTargetDependency section */

/* Begin XCBuildConfiguration section */
		F1F219792A881D1000984E6E /* Debug */ = {
			isa = XCBuildConfiguration;
			buildSettings = {
				ALWAYS_SEARCH_USER_PATHS = NO;
				CLANG_ANALYZER_NONNULL = YES;
				CLANG_ANALYZER_NUMBER_OBJECT_CONVERSION = YES_AGGRESSIVE;
				CLANG_CXX_LANGUAGE_STANDARD = "gnu++20";
				CLANG_ENABLE_MODULES = YES;
				CLANG_ENABLE_OBJC_ARC = YES;
				CLANG_ENABLE_OBJC_WEAK = YES;
				CLANG_WARN_BLOCK_CAPTURE_AUTORELEASING = YES;
				CLANG_WARN_BOOL_CONVERSION = YES;
				CLANG_WARN_COMMA = YES;
				CLANG_WARN_CONSTANT_CONVERSION = YES;
				CLANG_WARN_DEPRECATED_OBJC_IMPLEMENTATIONS = YES;
				CLANG_WARN_DIRECT_OBJC_ISA_USAGE = YES_ERROR;
				CLANG_WARN_DOCUMENTATION_COMMENTS = YES;
				CLANG_WARN_EMPTY_BODY = YES;
				CLANG_WARN_ENUM_CONVERSION = YES;
				CLANG_WARN_INFINITE_RECURSION = YES;
				CLANG_WARN_INT_CONVERSION = YES;
				CLANG_WARN_NON_LITERAL_NULL_CONVERSION = YES;
				CLANG_WARN_OBJC_IMPLICIT_RETAIN_SELF = YES;
				CLANG_WARN_OBJC_LITERAL_CONVERSION = YES;
				CLANG_WARN_OBJC_ROOT_CLASS = YES_ERROR;
				CLANG_WARN_QUOTED_INCLUDE_IN_FRAMEWORK_HEADER = YES;
				CLANG_WARN_RANGE_LOOP_ANALYSIS = YES;
				CLANG_WARN_STRICT_PROTOTYPES = YES;
				CLANG_WARN_SUSPICIOUS_MOVE = YES;
				CLANG_WARN_UNGUARDED_AVAILABILITY = YES_AGGRESSIVE;
				CLANG_WARN_UNREACHABLE_CODE = YES;
				CLANG_WARN__DUPLICATE_METHOD_MATCH = YES;
				COPY_PHASE_STRIP = NO;
				DEBUG_INFORMATION_FORMAT = dwarf;
				ENABLE_STRICT_OBJC_MSGSEND = YES;
				ENABLE_TESTABILITY = YES;
				GCC_C_LANGUAGE_STANDARD = gnu11;
				GCC_DYNAMIC_NO_PIC = NO;
				GCC_NO_COMMON_BLOCKS = YES;
				GCC_OPTIMIZATION_LEVEL = 0;
				GCC_PREPROCESSOR_DEFINITIONS = (
					"DEBUG=1",
					"$(inherited)",
				);
				GCC_WARN_64_TO_32_BIT_CONVERSION = YES;
				GCC_WARN_ABOUT_RETURN_TYPE = YES_ERROR;
				GCC_WARN_UNDECLARED_SELECTOR = YES;
				GCC_WARN_UNINITIALIZED_AUTOS = YES_AGGRESSIVE;
				GCC_WARN_UNUSED_FUNCTION = YES;
				GCC_WARN_UNUSED_VARIABLE = YES;
				IPHONEOS_DEPLOYMENT_TARGET = 16.4;
				MTL_ENABLE_DEBUG_INFO = INCLUDE_SOURCE;
				MTL_FAST_MATH = YES;
				ONLY_ACTIVE_ARCH = YES;
				SDKROOT = iphoneos;
				SWIFT_ACTIVE_COMPILATION_CONDITIONS = DEBUG;
				SWIFT_OPTIMIZATION_LEVEL = "-Onone";
			};
			name = Debug;
		};
		F1F2197A2A881D1000984E6E /* Release */ = {
			isa = XCBuildConfiguration;
			buildSettings = {
				ALWAYS_SEARCH_USER_PATHS = NO;
				CLANG_ANALYZER_NONNULL = YES;
				CLANG_ANALYZER_NUMBER_OBJECT_CONVERSION = YES_AGGRESSIVE;
				CLANG_CXX_LANGUAGE_STANDARD = "gnu++20";
				CLANG_ENABLE_MODULES = YES;
				CLANG_ENABLE_OBJC_ARC = YES;
				CLANG_ENABLE_OBJC_WEAK = YES;
				CLANG_WARN_BLOCK_CAPTURE_AUTORELEASING = YES;
				CLANG_WARN_BOOL_CONVERSION = YES;
				CLANG_WARN_COMMA = YES;
				CLANG_WARN_CONSTANT_CONVERSION = YES;
				CLANG_WARN_DEPRECATED_OBJC_IMPLEMENTATIONS = YES;
				CLANG_WARN_DIRECT_OBJC_ISA_USAGE = YES_ERROR;
				CLANG_WARN_DOCUMENTATION_COMMENTS = YES;
				CLANG_WARN_EMPTY_BODY = YES;
				CLANG_WARN_ENUM_CONVERSION = YES;
				CLANG_WARN_INFINITE_RECURSION = YES;
				CLANG_WARN_INT_CONVERSION = YES;
				CLANG_WARN_NON_LITERAL_NULL_CONVERSION = YES;
				CLANG_WARN_OBJC_IMPLICIT_RETAIN_SELF = YES;
				CLANG_WARN_OBJC_LITERAL_CONVERSION = YES;
				CLANG_WARN_OBJC_ROOT_CLASS = YES_ERROR;
				CLANG_WARN_QUOTED_INCLUDE_IN_FRAMEWORK_HEADER = YES;
				CLANG_WARN_RANGE_LOOP_ANALYSIS = YES;
				CLANG_WARN_STRICT_PROTOTYPES = YES;
				CLANG_WARN_SUSPICIOUS_MOVE = YES;
				CLANG_WARN_UNGUARDED_AVAILABILITY = YES_AGGRESSIVE;
				CLANG_WARN_UNREACHABLE_CODE = YES;
				CLANG_WARN__DUPLICATE_METHOD_MATCH = YES;
				COPY_PHASE_STRIP = NO;
				DEBUG_INFORMATION_FORMAT = "dwarf-with-dsym";
				ENABLE_NS_ASSERTIONS = NO;
				ENABLE_STRICT_OBJC_MSGSEND = YES;
				GCC_C_LANGUAGE_STANDARD = gnu11;
				GCC_NO_COMMON_BLOCKS = YES;
				GCC_WARN_64_TO_32_BIT_CONVERSION = YES;
				GCC_WARN_ABOUT_RETURN_TYPE = YES_ERROR;
				GCC_WARN_UNDECLARED_SELECTOR = YES;
				GCC_WARN_UNINITIALIZED_AUTOS = YES_AGGRESSIVE;
				GCC_WARN_UNUSED_FUNCTION = YES;
				GCC_WARN_UNUSED_VARIABLE = YES;
				IPHONEOS_DEPLOYMENT_TARGET = 16.4;
				MTL_ENABLE_DEBUG_INFO = NO;
				MTL_FAST_MATH = YES;
				SDKROOT = iphoneos;
				SWIFT_COMPILATION_MODE = wholemodule;
				SWIFT_OPTIMIZATION_LEVEL = "-O";
				VALIDATE_PRODUCT = YES;
			};
			name = Release;
		};
		F1F2197C2A881D1000984E6E /* Debug */ = {
			isa = XCBuildConfiguration;
			buildSettings = {
				ASSETCATALOG_COMPILER_APPICON_NAME = AppIcon;
				ASSETCATALOG_COMPILER_GLOBAL_ACCENT_COLOR_NAME = AccentColor;
				CODE_SIGN_STYLE = Automatic;
				CURRENT_PROJECT_VERSION = 1;
				DEVELOPMENT_ASSET_PATHS = "\"memoizes/Preview Content\"";
				DEVELOPMENT_TEAM = GJ3K8XM9J6;
				ENABLE_PREVIEWS = YES;
				GENERATE_INFOPLIST_FILE = YES;
				INFOPLIST_KEY_UIApplicationSceneManifest_Generation = YES;
				INFOPLIST_KEY_UIApplicationSupportsIndirectInputEvents = YES;
				INFOPLIST_KEY_UILaunchScreen_Generation = YES;
				INFOPLIST_KEY_UISupportedInterfaceOrientations_iPad = "UIInterfaceOrientationPortrait UIInterfaceOrientationPortraitUpsideDown UIInterfaceOrientationLandscapeLeft UIInterfaceOrientationLandscapeRight";
				INFOPLIST_KEY_UISupportedInterfaceOrientations_iPhone = "UIInterfaceOrientationPortrait UIInterfaceOrientationLandscapeLeft UIInterfaceOrientationLandscapeRight";
				LD_RUNPATH_SEARCH_PATHS = (
					"$(inherited)",
					"@executable_path/Frameworks",
				);
				MARKETING_VERSION = 1.0;
				PRODUCT_BUNDLE_IDENTIFIER = kennedy.ribeiro.memoizes;
				PRODUCT_NAME = "$(TARGET_NAME)";
				SWIFT_EMIT_LOC_STRINGS = YES;
				SWIFT_VERSION = 5.0;
				TARGETED_DEVICE_FAMILY = "1,2";
			};
			name = Debug;
		};
		F1F2197D2A881D1000984E6E /* Release */ = {
			isa = XCBuildConfiguration;
			buildSettings = {
				ASSETCATALOG_COMPILER_APPICON_NAME = AppIcon;
				ASSETCATALOG_COMPILER_GLOBAL_ACCENT_COLOR_NAME = AccentColor;
				CODE_SIGN_STYLE = Automatic;
				CURRENT_PROJECT_VERSION = 1;
				DEVELOPMENT_ASSET_PATHS = "\"memoizes/Preview Content\"";
				DEVELOPMENT_TEAM = GJ3K8XM9J6;
				ENABLE_PREVIEWS = YES;
				GENERATE_INFOPLIST_FILE = YES;
				INFOPLIST_KEY_UIApplicationSceneManifest_Generation = YES;
				INFOPLIST_KEY_UIApplicationSupportsIndirectInputEvents = YES;
				INFOPLIST_KEY_UILaunchScreen_Generation = YES;
				INFOPLIST_KEY_UISupportedInterfaceOrientations_iPad = "UIInterfaceOrientationPortrait UIInterfaceOrientationPortraitUpsideDown UIInterfaceOrientationLandscapeLeft UIInterfaceOrientationLandscapeRight";
				INFOPLIST_KEY_UISupportedInterfaceOrientations_iPhone = "UIInterfaceOrientationPortrait UIInterfaceOrientationLandscapeLeft UIInterfaceOrientationLandscapeRight";
				LD_RUNPATH_SEARCH_PATHS = (
					"$(inherited)",
					"@executable_path/Frameworks",
				);
				MARKETING_VERSION = 1.0;
				PRODUCT_BUNDLE_IDENTIFIER = kennedy.ribeiro.memoizes;
				PRODUCT_NAME = "$(TARGET_NAME)";
				SWIFT_EMIT_LOC_STRINGS = YES;
				SWIFT_VERSION = 5.0;
				TARGETED_DEVICE_FAMILY = "1,2";
			};
			name = Release;
		};
		F1F2197F2A881D1000984E6E /* Debug */ = {
			isa = XCBuildConfiguration;
			buildSettings = {
				ALWAYS_EMBED_SWIFT_STANDARD_LIBRARIES = YES;
				BUNDLE_LOADER = "$(TEST_HOST)";
				CODE_SIGN_STYLE = Automatic;
				CURRENT_PROJECT_VERSION = 1;
				DEVELOPMENT_TEAM = GJ3K8XM9J6;
				GENERATE_INFOPLIST_FILE = YES;
				IPHONEOS_DEPLOYMENT_TARGET = 16.4;
				MARKETING_VERSION = 1.0;
				PRODUCT_BUNDLE_IDENTIFIER = kennedy.ribeiro.memoizesTests;
				PRODUCT_NAME = "$(TARGET_NAME)";
				SWIFT_EMIT_LOC_STRINGS = NO;
				SWIFT_VERSION = 5.0;
				TARGETED_DEVICE_FAMILY = "1,2";
				TEST_HOST = "$(BUILT_PRODUCTS_DIR)/memoizes.app/$(BUNDLE_EXECUTABLE_FOLDER_PATH)/memoizes";
			};
			name = Debug;
		};
		F1F219802A881D1000984E6E /* Release */ = {
			isa = XCBuildConfiguration;
			buildSettings = {
				ALWAYS_EMBED_SWIFT_STANDARD_LIBRARIES = YES;
				BUNDLE_LOADER = "$(TEST_HOST)";
				CODE_SIGN_STYLE = Automatic;
				CURRENT_PROJECT_VERSION = 1;
				DEVELOPMENT_TEAM = GJ3K8XM9J6;
				GENERATE_INFOPLIST_FILE = YES;
				IPHONEOS_DEPLOYMENT_TARGET = 16.4;
				MARKETING_VERSION = 1.0;
				PRODUCT_BUNDLE_IDENTIFIER = kennedy.ribeiro.memoizesTests;
				PRODUCT_NAME = "$(TARGET_NAME)";
				SWIFT_EMIT_LOC_STRINGS = NO;
				SWIFT_VERSION = 5.0;
				TARGETED_DEVICE_FAMILY = "1,2";
				TEST_HOST = "$(BUILT_PRODUCTS_DIR)/memoizes.app/$(BUNDLE_EXECUTABLE_FOLDER_PATH)/memoizes";
			};
			name = Release;
		};
		F1F219822A881D1000984E6E /* Debug */ = {
			isa = XCBuildConfiguration;
			buildSettings = {
				ALWAYS_EMBED_SWIFT_STANDARD_LIBRARIES = YES;
				CODE_SIGN_STYLE = Automatic;
				CURRENT_PROJECT_VERSION = 1;
				DEVELOPMENT_TEAM = GJ3K8XM9J6;
				GENERATE_INFOPLIST_FILE = YES;
				MARKETING_VERSION = 1.0;
				PRODUCT_BUNDLE_IDENTIFIER = kennedy.ribeiro.memoizesUITests;
				PRODUCT_NAME = "$(TARGET_NAME)";
				SWIFT_EMIT_LOC_STRINGS = NO;
				SWIFT_VERSION = 5.0;
				TARGETED_DEVICE_FAMILY = "1,2";
				TEST_TARGET_NAME = memoizes;
			};
			name = Debug;
		};
		F1F219832A881D1000984E6E /* Release */ = {
			isa = XCBuildConfiguration;
			buildSettings = {
				ALWAYS_EMBED_SWIFT_STANDARD_LIBRARIES = YES;
				CODE_SIGN_STYLE = Automatic;
				CURRENT_PROJECT_VERSION = 1;
				DEVELOPMENT_TEAM = GJ3K8XM9J6;
				GENERATE_INFOPLIST_FILE = YES;
				MARKETING_VERSION = 1.0;
				PRODUCT_BUNDLE_IDENTIFIER = kennedy.ribeiro.memoizesUITests;
				PRODUCT_NAME = "$(TARGET_NAME)";
				SWIFT_EMIT_LOC_STRINGS = NO;
				SWIFT_VERSION = 5.0;
				TARGETED_DEVICE_FAMILY = "1,2";
				TEST_TARGET_NAME = memoizes;
			};
			name = Release;
		};
/* End XCBuildConfiguration section */

/* Begin XCConfigurationList section */
		F1F219522A881D0E00984E6E /* Build configuration list for PBXProject "memoizes" */ = {
			isa = XCConfigurationList;
			buildConfigurations = (
				F1F219792A881D1000984E6E /* Debug */,
				F1F2197A2A881D1000984E6E /* Release */,
			);
			defaultConfigurationIsVisible = 0;
			defaultConfigurationName = Release;
		};
		F1F2197B2A881D1000984E6E /* Build configuration list for PBXNativeTarget "memoizes" */ = {
			isa = XCConfigurationList;
			buildConfigurations = (
				F1F2197C2A881D1000984E6E /* Debug */,
				F1F2197D2A881D1000984E6E /* Release */,
			);
			defaultConfigurationIsVisible = 0;
			defaultConfigurationName = Release;
		};
		F1F2197E2A881D1000984E6E /* Build configuration list for PBXNativeTarget "memoizesTests" */ = {
			isa = XCConfigurationList;
			buildConfigurations = (
				F1F2197F2A881D1000984E6E /* Debug */,
				F1F219802A881D1000984E6E /* Release */,
			);
			defaultConfigurationIsVisible = 0;
			defaultConfigurationName = Release;
		};
		F1F219812A881D1000984E6E /* Build configuration list for PBXNativeTarget "memoizesUITests" */ = {
			isa = XCConfigurationList;
			buildConfigurations = (
				F1F219822A881D1000984E6E /* Debug */,
				F1F219832A881D1000984E6E /* Release */,
			);
			defaultConfigurationIsVisible = 0;
			defaultConfigurationName = Release;
		};
/* End XCConfigurationList section */
	};
	rootObject = F1F2194F2A881D0E00984E6E /* Project object */;
}
